// !$*UTF8*$!
{
	archiveVersion = 1;
	classes = {
	};
	objectVersion = 46;
	objects = {

/* Begin PBXBuildFile section */
		FC838E4B1DBF83A500A8594C /* AppDelegate.swift in Sources */ = {isa = PBXBuildFile; fileRef = FC838E4A1DBF83A500A8594C /* AppDelegate.swift */; };
		FC838E4D1DBF83A500A8594C /* ViewController.swift in Sources */ = {isa = PBXBuildFile; fileRef = FC838E4C1DBF83A500A8594C /* ViewController.swift */; };
		FC838E501DBF83A500A8594C /* Main.storyboard in Resources */ = {isa = PBXBuildFile; fileRef = FC838E4E1DBF83A500A8594C /* Main.storyboard */; };
		FC838E521DBF83A500A8594C /* Assets.xcassets in Resources */ = {isa = PBXBuildFile; fileRef = FC838E511DBF83A500A8594C /* Assets.xcassets */; };
		FC838E551DBF83A500A8594C /* LaunchScreen.storyboard in Resources */ = {isa = PBXBuildFile; fileRef = FC838E531DBF83A500A8594C /* LaunchScreen.storyboard */; };
/* End PBXBuildFile section */

/* Begin PBXFileReference section */
		FC838E471DBF83A500A8594C /* LastEmo.app */ = {isa = PBXFileReference; explicitFileType = wrapper.application; includeInIndex = 0; path = LastEmo.app; sourceTree = BUILT_PRODUCTS_DIR; };
		FC838E4A1DBF83A500A8594C /* AppDelegate.swift */ = {isa = PBXFileReference; lastKnownFileType = sourcecode.swift; path = AppDelegate.swift; sourceTree = "<group>"; };
		FC838E4C1DBF83A500A8594C /* ViewController.swift */ = {isa = PBXFileReference; lastKnownFileType = sourcecode.swift; path = ViewController.swift; sourceTree = "<group>"; };
		FC838E4F1DBF83A500A8594C /* Base */ = {isa = PBXFileReference; lastKnownFileType = file.storyboard; name = Base; path = Base.lproj/Main.storyboard; sourceTree = "<group>"; };
		FC838E511DBF83A500A8594C /* Assets.xcassets */ = {isa = PBXFileReference; lastKnownFileType = folder.assetcatalog; path = Assets.xcassets; sourceTree = "<group>"; };
		FC838E541DBF83A500A8594C /* Base */ = {isa = PBXFileReference; lastKnownFileType = file.storyboard; name = Base; path = Base.lproj/LaunchScreen.storyboard; sourceTree = "<group>"; };
		FC838E561DBF83A500A8594C /* Info.plist */ = {isa = PBXFileReference; lastKnownFileType = text.plist.xml; path = Info.plist; sourceTree = "<group>"; };
/* End PBXFileReference section */

/* Begin PBXFrameworksBuildPhase section */
		FC838E441DBF83A500A8594C /* Frameworks */ = {
			isa = PBXFrameworksBuildPhase;
			buildActionMask = 2147483647;
			files = (
			);
			runOnlyForDeploymentPostprocessing = 0;
		};
/* End PBXFrameworksBuildPhase section */

/* Begin PBXGroup section */
		FC838E3E1DBF83A500A8594C = {
			isa = PBXGroup;
			children = (
				FC838E491DBF83A500A8594C /* LastEmo */,
				FC838E481DBF83A500A8594C /* Products */,
			);
			sourceTree = "<group>";
		};
		FC838E481DBF83A500A8594C /* Products */ = {
			isa = PBXGroup;
			children = (
				FC838E471DBF83A500A8594C /* LastEmo.app */,
			);
			name = Products;
			sourceTree = "<group>";
		};
		FC838E491DBF83A500A8594C /* LastEmo */ = {
			isa = PBXGroup;
			children = (
				FC838E4A1DBF83A500A8594C /* AppDelegate.swift */,
				FC838E4C1DBF83A500A8594C /* ViewController.swift */,
				FC838E4E1DBF83A500A8594C /* Main.storyboard */,
				FC838E511DBF83A500A8594C /* Assets.xcassets */,
				FC838E531DBF83A500A8594C /* LaunchScreen.storyboard */,
				FC838E561DBF83A500A8594C /* Info.plist */,
			);
			path = LastEmo;
			sourceTree = "<group>";
		};
/* End PBXGroup section */

/* Begin PBXNativeTarget section */
		FC838E461DBF83A500A8594C /* LastEmo */ = {
			isa = PBXNativeTarget;
			buildConfigurationList = FC838E591DBF83A500A8594C /* Build configuration list for PBXNativeTarget "LastEmo" */;
			buildPhases = (
				FC838E431DBF83A500A8594C /* Sources */,
				FC838E441DBF83A500A8594C /* Frameworks */,
				FC838E451DBF83A500A8594C /* Resources */,
			);
			buildRules = (
			);
			dependencies = (
			);
			name = LastEmo;
			productName = LastEmo;
			productReference = FC838E471DBF83A500A8594C /* LastEmo.app */;
			productType = "com.apple.product-type.application";
		};
/* End PBXNativeTarget section */

/* Begin PBXProject section */
		FC838E3F1DBF83A500A8594C /* Project object */ = {
			isa = PBXProject;
			attributes = {
				LastSwiftUpdateCheck = 0810;
				LastUpgradeCheck = 0810;
				ORGANIZATIONNAME = BadinHS;
				TargetAttributes = {
					FC838E461DBF83A500A8594C = {
						CreatedOnToolsVersion = 8.1;
						ProvisioningStyle = Automatic;
					};
				};
			};
			buildConfigurationList = FC838E421DBF83A500A8594C /* Build configuration list for PBXProject "LastEmo" */;
			compatibilityVersion = "Xcode 3.2";
			developmentRegion = English;
			hasScannedForEncodings = 0;
			knownRegions = (
				en,
				Base,
			);
			mainGroup = FC838E3E1DBF83A500A8594C;
			productRefGroup = FC838E481DBF83A500A8594C /* Products */;
			projectDirPath = "";
			projectRoot = "";
			targets = (
				FC838E461DBF83A500A8594C /* LastEmo */,
			);
		};
/* End PBXProject section */

/* Begin PBXResourcesBuildPhase section */
		FC838E451DBF83A500A8594C /* Resources */ = {
			isa = PBXResourcesBuildPhase;
			buildActionMask = 2147483647;
			files = (
				FC838E551DBF83A500A8594C /* LaunchScreen.storyboard in Resources */,
				FC838E521DBF83A500A8594C /* Assets.xcassets in Resources */,
				FC838E501DBF83A500A8594C /* Main.storyboard in Resources */,
			);
			runOnlyForDeploymentPostprocessing = 0;
		};
/* End PBXResourcesBuildPhase section */

/* Begin PBXSourcesBuildPhase section */
		FC838E431DBF83A500A8594C /* Sources */ = {
			isa = PBXSourcesBuildPhase;
			buildActionMask = 2147483647;
			files = (
				FC838E4D1DBF83A500A8594C /* ViewController.swift in Sources */,
				FC838E4B1DBF83A500A8594C /* AppDelegate.swift in Sources */,
			);
			runOnlyForDeploymentPostprocessing = 0;
		};
/* End PBXSourcesBuildPhase section */

/* Begin PBXVariantGroup section */
		FC838E4E1DBF83A500A8594C /* Main.storyboard */ = {
			isa = PBXVariantGroup;
			children = (
				FC838E4F1DBF83A500A8594C /* Base */,
			);
			name = Main.storyboard;
			sourceTree = "<group>";
		};
		FC838E531DBF83A500A8594C /* LaunchScreen.storyboard */ = {
			isa = PBXVariantGroup;
			children = (
				FC838E541DBF83A500A8594C /* Base */,
			);
			name = LaunchScreen.storyboard;
			sourceTree = "<group>";
		};
/* End PBXVariantGroup section */

/* Begin XCBuildConfiguration section */
		FC838E571DBF83A500A8594C /* Debug */ = {
			isa = XCBuildConfiguration;
			buildSettings = {
				ALWAYS_SEARCH_USER_PATHS = NO;
				CLANG_ANALYZER_NONNULL = YES;
				CLANG_CXX_LANGUAGE_STANDARD = "gnu++0x";
				CLANG_CXX_LIBRARY = "libc++";
				CLANG_ENABLE_MODULES = YES;
				CLANG_ENABLE_OBJC_ARC = YES;
				CLANG_WARN_BOOL_CONVERSION = YES;
				CLANG_WARN_CONSTANT_CONVERSION = YES;
				CLANG_WARN_DIRECT_OBJC_ISA_USAGE = YES_ERROR;
				CLANG_WARN_DOCUMENTATION_COMMENTS = YES;
				CLANG_WARN_EMPTY_BODY = YES;
				CLANG_WARN_ENUM_CONVERSION = YES;
				CLANG_WARN_INFINITE_RECURSION = YES;
				CLANG_WARN_INT_CONVERSION = YES;
				CLANG_WARN_OBJC_ROOT_CLASS = YES_ERROR;
				CLANG_WARN_SUSPICIOUS_MOVES = YES;
				CLANG_WARN_UNREACHABLE_CODE = YES;
				CLANG_WARN__DUPLICATE_METHOD_MATCH = YES;
				"CODE_SIGN_IDENTITY[sdk=iphoneos*]" = "iPhone Developer";
				COPY_PHASE_STRIP = NO;
				DEBUG_INFORMATION_FORMAT = dwarf;
				ENABLE_STRICT_OBJC_MSGSEND = YES;
				ENABLE_TESTABILITY = YES;
				GCC_C_LANGUAGE_STANDARD = gnu99;
				GCC_DYNAMIC_NO_PIC = NO;
				GCC_NO_COMMON_BLOCKS = YES;
				GCC_OPTIMIZATION_LEVEL = 0;
				GCC_PREPROCESSOR_DEFINITIONS = (
					"DEBUG=1",
					"$(inherited)",
				);
				GCC_WARN_64_TO_32_BIT_CONVERSION = YES;
				GCC_WARN_ABOUT_RETURN_TYPE = YES_ERROR;
				GCC_WARN_UNDECLARED_SELECTOR = YES;
				GCC_WARN_UNINITIALIZED_AUTOS = YES_AGGRESSIVE;
				GCC_WARN_UNUSED_FUNCTION = YES;
				GCC_WARN_UNUSED_VARIABLE = YES;
				IPHONEOS_DEPLOYMENT_TARGET = 10.1;
				MTL_ENABLE_DEBUG_INFO = YES;
				ONLY_ACTIVE_ARCH = YES;
				SDKROOT = iphoneos;
				SWIFT_ACTIVE_COMPILATION_CONDITIONS = DEBUG;
				SWIFT_OPTIMIZATION_LEVEL = "-Onone";
			};
			name = Debug;
		};
		FC838E581DBF83A500A8594C /* Release */ = {
			isa = XCBuildConfiguration;
			buildSettings = {
				ALWAYS_SEARCH_USER_PATHS = NO;
				CLANG_ANALYZER_NONNULL = YES;
				CLANG_CXX_LANGUAGE_STANDARD = "gnu++0x";
				CLANG_CXX_LIBRARY = "libc++";
				CLANG_ENABLE_MODULES = YES;
				CLANG_ENABLE_OBJC_ARC = YES;
				CLANG_WARN_BOOL_CONVERSION = YES;
				CLANG_WARN_CONSTANT_CONVERSION = YES;
				CLANG_WARN_DIRECT_OBJC_ISA_USAGE = YES_ERROR;
				CLANG_WARN_DOCUMENTATION_COMMENTS = YES;
				CLANG_WARN_EMPTY_BODY = YES;
				CLANG_WARN_ENUM_CONVERSION = YES;
				CLANG_WARN_INFINITE_RECURSION = YES;
				CLANG_WARN_INT_CONVERSION = YES;
				CLANG_WARN_OBJC_ROOT_CLASS = YES_ERROR;
				CLANG_WARN_SUSPICIOUS_MOVES = YES;
				CLANG_WARN_UNREACHABLE_CODE = YES;
				CLANG_WARN__DUPLICATE_METHOD_MATCH = YES;
				"CODE_SIGN_IDENTITY[sdk=iphoneos*]" = "iPhone Developer";
				COPY_PHASE_STRIP = NO;
				DEBUG_INFORMATION_FORMAT = "dwarf-with-dsym";
				ENABLE_NS_ASSERTIONS = NO;
				ENABLE_STRICT_OBJC_MSGSEND = YES;
				GCC_C_LANGUAGE_STANDARD = gnu99;
				GCC_NO_COMMON_BLOCKS = YES;
				GCC_WARN_64_TO_32_BIT_CONVERSION = YES;
				GCC_WARN_ABOUT_RETURN_TYPE = YES_ERROR;
				GCC_WARN_UNDECLARED_SELECTOR = YES;
				GCC_WARN_UNINITIALIZED_AUTOS = YES_AGGRESSIVE;
				GCC_WARN_UNUSED_FUNCTION = YES;
				GCC_WARN_UNUSED_VARIABLE = YES;
				IPHONEOS_DEPLOYMENT_TARGET = 10.1;
				MTL_ENABLE_DEBUG_INFO = NO;
				SDKROOT = iphoneos;
				SWIFT_OPTIMIZATION_LEVEL = "-Owholemodule";
				VALIDATE_PRODUCT = YES;
			};
			name = Release;
		};
		FC838E5A1DBF83A500A8594C /* Debug */ = {
			isa = XCBuildConfiguration;
			buildSettings = {
				ASSETCATALOG_COMPILER_APPICON_NAME = AppIcon;
				INFOPLIST_FILE = LastEmo/Info.plist;
				LD_RUNPATH_SEARCH_PATHS = "$(inherited) @executable_path/Frameworks";
				PRODUCT_BUNDLE_IDENTIFIER = org.badinhs.LastEmo;
				PRODUCT_NAME = "$(TARGET_NAME)";
				SWIFT_VERSION = 3.0;
			};
			name = Debug;
		};
		FC838E5B1DBF83A500A8594C /* Release */ = {
			isa = XCBuildConfiguration;
			buildSettings = {
				ASSETCATALOG_COMPILER_APPICON_NAME = AppIcon;
				INFOPLIST_FILE = LastEmo/Info.plist;
				LD_RUNPATH_SEARCH_PATHS = "$(inherited) @executable_path/Frameworks";
				PRODUCT_BUNDLE_IDENTIFIER = org.badinhs.LastEmo;
				PRODUCT_NAME = "$(TARGET_NAME)";
				SWIFT_VERSION = 3.0;
			};
			name = Release;
		};
/* End XCBuildConfiguration section */

/* Begin XCConfigurationList section */
		FC838E421DBF83A500A8594C /* Build configuration list for PBXProject "LastEmo" */ = {
			isa = XCConfigurationList;
			buildConfigurations = (
				FC838E571DBF83A500A8594C /* Debug */,
				FC838E581DBF83A500A8594C /* Release */,
			);
			defaultConfigurationIsVisible = 0;
			defaultConfigurationName = Release;
		};
		FC838E591DBF83A500A8594C /* Build configuration list for PBXNativeTarget "LastEmo" */ = {
			isa = XCConfigurationList;
			buildConfigurations = (
				FC838E5A1DBF83A500A8594C /* Debug */,
				FC838E5B1DBF83A500A8594C /* Release */,
			);
			defaultConfigurationIsVisible = 0;
		};
/* End XCConfigurationList section */
	};
	rootObject = FC838E3F1DBF83A500A8594C /* Project object */;
}
